
Microsoft Visual Studio Solution File, Format Version 12.00
# Visual Studio 15
Project("{FAE04EC0-301F-11D3-BF4B-00C04F79EFBC}") = "CustomFrameWithSkia.Android", "CustomFrameWithSkia.Android\CustomFrameWithSkia.Android.csproj", "{361EAB05-8E82-4BBE-8AD8-BD6DB7DB5D52}"
EndProject
Project("{FAE04EC0-301F-11D3-BF4B-00C04F79EFBC}") = "CustomFrameWithSkia.iOS", "CustomFrameWithSkia.iOS\CustomFrameWithSkia.iOS.csproj", "{44A699BE-2C5A-4875-A8A4-818A25074758}"
EndProject
Project("{FAE04EC0-301F-11D3-BF4B-00C04F79EFBC}") = "CustomFrameWithSkia", "CustomFrameWithSkia\CustomFrameWithSkia.csproj", "{CBB9985B-78B6-4A22-96CE-55292F44142A}"
EndProject
Global
	GlobalSection(SolutionConfigurationPlatforms) = preSolution
		Debug|Any CPU = Debug|Any CPU
		Release|Any CPU = Release|Any CPU
		Debug|iPhoneSimulator = Debug|iPhoneSimulator
		Release|iPhoneSimulator = Release|iPhoneSimulator
		Debug|iPhone = Debug|iPhone
		Release|iPhone = Release|iPhone
	EndGlobalSection
	GlobalSection(ProjectConfigurationPlatforms) = postSolution
		{361EAB05-8E82-4BBE-8AD8-BD6DB7DB5D52}.Debug|Any CPU.ActiveCfg = Debug|Any CPU
		{361EAB05-8E82-4BBE-8AD8-BD6DB7DB5D52}.Debug|Any CPU.Build.0 = Debug|Any CPU
		{361EAB05-8E82-4BBE-8AD8-BD6DB7DB5D52}.Release|Any CPU.ActiveCfg = Release|Any CPU
		{361EAB05-8E82-4BBE-8AD8-BD6DB7DB5D52}.Release|Any CPU.Build.0 = Release|Any CPU
		{361EAB05-8E82-4BBE-8AD8-BD6DB7DB5D52}.Debug|iPhoneSimulator.ActiveCfg = Debug|Any CPU
		{361EAB05-8E82-4BBE-8AD8-BD6DB7DB5D52}.Debug|iPhoneSimulator.Build.0 = Debug|Any CPU
		{361EAB05-8E82-4BBE-8AD8-BD6DB7DB5D52}.Release|iPhoneSimulator.ActiveCfg = Release|Any CPU
		{361EAB05-8E82-4BBE-8AD8-BD6DB7DB5D52}.Release|iPhoneSimulator.Build.0 = Release|Any CPU
		{361EAB05-8E82-4BBE-8AD8-BD6DB7DB5D52}.Debug|iPhone.ActiveCfg = Debug|Any CPU
		{361EAB05-8E82-4BBE-8AD8-BD6DB7DB5D52}.Debug|iPhone.Build.0 = Debug|Any CPU
		{361EAB05-8E82-4BBE-8AD8-BD6DB7DB5D52}.Release|iPhone.ActiveCfg = Release|Any CPU
		{361EAB05-8E82-4BBE-8AD8-BD6DB7DB5D52}.Release|iPhone.Build.0 = Release|Any CPU
		{44A699BE-2C5A-4875-A8A4-818A25074758}.Debug|Any CPU.ActiveCfg = Debug|iPhoneSimulator
		{44A699BE-2C5A-4875-A8A4-818A25074758}.Debug|Any CPU.Build.0 = Debug|iPhoneSimulator
		{44A699BE-2C5A-4875-A8A4-818A25074758}.Release|Any CPU.ActiveCfg = Release|iPhoneSimulator
		{44A699BE-2C5A-4875-A8A4-818A25074758}.Release|Any CPU.Build.0 = Release|iPhoneSimulator
		{44A699BE-2C5A-4875-A8A4-818A25074758}.Debug|iPhoneSimulator.ActiveCfg = Debug|iPhoneSimulator
		{44A699BE-2C5A-4875-A8A4-818A25074758}.Debug|iPhoneSimulator.Build.0 = Debug|iPhoneSimulator
		{44A699BE-2C5A-4875-A8A4-818A25074758}.Release|iPhoneSimulator.ActiveCfg = Release|iPhoneSimulator
		{44A699BE-2C5A-4875-A8A4-818A25074758}.Release|iPhoneSimulator.Build.0 = Release|iPhoneSimulator
		{44A699BE-2C5A-4875-A8A4-818A25074758}.Debug|iPhone.ActiveCfg = Debug|iPhone
		{44A699BE-2C5A-4875-A8A4-818A25074758}.Debug|iPhone.Build.0 = Debug|iPhone
		{44A699BE-2C5A-4875-A8A4-818A25074758}.Release|iPhone.ActiveCfg = Release|iPhone
		{44A699BE-2C5A-4875-A8A4-818A25074758}.Release|iPhone.Build.0 = Release|iPhone
		{CBB9985B-78B6-4A22-96CE-55292F44142A}.Debug|Any CPU.ActiveCfg = Debug|Any CPU
		{CBB9985B-78B6-4A22-96CE-55292F44142A}.Debug|Any CPU.Build.0 = Debug|Any CPU
		{CBB9985B-78B6-4A22-96CE-55292F44142A}.Release|Any CPU.ActiveCfg = Release|Any CPU
		{CBB9985B-78B6-4A22-96CE-55292F44142A}.Release|Any CPU.Build.0 = Release|Any CPU
		{CBB9985B-78B6-4A22-96CE-55292F44142A}.Debug|iPhoneSimulator.ActiveCfg = Debug|Any CPU
		{CBB9985B-78B6-4A22-96CE-55292F44142A}.Debug|iPhoneSimulator.Build.0 = Debug|Any CPU
		{CBB9985B-78B6-4A22-96CE-55292F44142A}.Release|iPhoneSimulator.ActiveCfg = Release|Any CPU
		{CBB9985B-78B6-4A22-96CE-55292F44142A}.Release|iPhoneSimulator.Build.0 = Release|Any CPU
		{CBB9985B-78B6-4A22-96CE-55292F44142A}.Debug|iPhone.ActiveCfg = Debug|Any CPU
		{CBB9985B-78B6-4A22-96CE-55292F44142A}.Debug|iPhone.Build.0 = Debug|Any CPU
		{CBB9985B-78B6-4A22-96CE-55292F44142A}.Release|iPhone.ActiveCfg = Release|Any CPU
		{CBB9985B-78B6-4A22-96CE-55292F44142A}.Release|iPhone.Build.0 = Release|Any CPU
	EndGlobalSection
EndGlobal
